
Microsoft Visual Studio Solution File, Format Version 12.00
# Visual Studio Version 17
VisualStudioVersion = 17.8.34330.188
MinimumVisualStudioVersion = 10.0.40219.1
Project("{FAE04EC0-301F-11D3-BF4B-00C04F79EFBC}") = "Variants", "Variants\Variants.csproj", "{73700331-094F-4CED-9FDB-BD8D8136A137}"
EndProject
Project("{FAE04EC0-301F-11D3-BF4B-00C04F79EFBC}") = "TestVariants", "TestVariants\TestVariants.csproj", "{62C62D30-BB90-4AF9-BBC2-A34DB7385DE2}"
EndProject
Global
	GlobalSection(SolutionConfigurationPlatforms) = preSolution
		Debug|Any CPU = Debug|Any CPU
		Release|Any CPU = Release|Any CPU
	EndGlobalSection
	GlobalSection(ProjectConfigurationPlatforms) = postSolution
		{73700331-094F-4CED-9FDB-BD8D8136A137}.Debug|Any CPU.ActiveCfg = Debug|Any CPU
		{73700331-094F-4CED-9FDB-BD8D8136A137}.Debug|Any CPU.Build.0 = Debug|Any CPU
		{73700331-094F-4CED-9FDB-BD8D8136A137}.Release|Any CPU.ActiveCfg = Release|Any CPU
		{73700331-094F-4CED-9FDB-BD8D8136A137}.Release|Any CPU.Build.0 = Release|Any CPU
		{62C62D30-BB90-4AF9-BBC2-A34DB7385DE2}.Debug|Any CPU.ActiveCfg = Debug|Any CPU
		{62C62D30-BB90-4AF9-BBC2-A34DB7385DE2}.Debug|Any CPU.Build.0 = Debug|Any CPU
		{62C62D30-BB90-4AF9-BBC2-A34DB7385DE2}.Release|Any CPU.ActiveCfg = Release|Any CPU
		{62C62D30-BB90-4AF9-BBC2-A34DB7385DE2}.Release|Any CPU.Build.0 = Release|Any CPU
	EndGlobalSection
	GlobalSection(SolutionProperties) = preSolution
		HideSolutionNode = FALSE
	EndGlobalSection
	GlobalSection(ExtensibilityGlobals) = postSolution
		SolutionGuid = {3125C28C-4EAA-47F0-BD3B-91CE95A19F7C}
	EndGlobalSection
EndGlobal
